// !$*UTF8*$!
{
	archiveVersion = 1;
	classes = {
	};
	objectVersion = 48;
	objects = {

/* Begin PBXBuildFile section */
		AAAB83EC1F8C038E0032E4CC /* AppDelegate.swift in Sources */ = {isa = PBXBuildFile; fileRef = AAAB83EB1F8C038E0032E4CC /* AppDelegate.swift */; };
		AAAB83EE1F8C038E0032E4CC /* ViewController.swift in Sources */ = {isa = PBXBuildFile; fileRef = AAAB83ED1F8C038E0032E4CC /* ViewController.swift */; };
		AAAB83F11F8C038E0032E4CC /* Main.storyboard in Resources */ = {isa = PBXBuildFile; fileRef = AAAB83EF1F8C038E0032E4CC /* Main.storyboard */; };
		AAAB83F31F8C038E0032E4CC /* Assets.xcassets in Resources */ = {isa = PBXBuildFile; fileRef = AAAB83F21F8C038E0032E4CC /* Assets.xcassets */; };
		AAAB83F61F8C038E0032E4CC /* LaunchScreen.storyboard in Resources */ = {isa = PBXBuildFile; fileRef = AAAB83F41F8C038E0032E4CC /* LaunchScreen.storyboard */; };
/* End PBXBuildFile section */

/* Begin PBXFileReference section */
		AAAB83E81F8C038E0032E4CC /* basicHEIC.app */ = {isa = PBXFileReference; explicitFileType = wrapper.application; includeInIndex = 0; path = basicHEIC.app; sourceTree = BUILT_PRODUCTS_DIR; };
		AAAB83EB1F8C038E0032E4CC /* AppDelegate.swift */ = {isa = PBXFileReference; lastKnownFileType = sourcecode.swift; path = AppDelegate.swift; sourceTree = "<group>"; };
		AAAB83ED1F8C038E0032E4CC /* ViewController.swift */ = {isa = PBXFileReference; lastKnownFileType = sourcecode.swift; path = ViewController.swift; sourceTree = "<group>"; };
		AAAB83F01F8C038E0032E4CC /* Base */ = {isa = PBXFileReference; lastKnownFileType = file.storyboard; name = Base; path = Base.lproj/Main.storyboard; sourceTree = "<group>"; };
		AAAB83F21F8C038E0032E4CC /* Assets.xcassets */ = {isa = PBXFileReference; lastKnownFileType = folder.assetcatalog; path = Assets.xcassets; sourceTree = "<group>"; };
		AAAB83F51F8C038E0032E4CC /* Base */ = {isa = PBXFileReference; lastKnownFileType = file.storyboard; name = Base; path = Base.lproj/LaunchScreen.storyboard; sourceTree = "<group>"; };
		AAAB83F71F8C038E0032E4CC /* Info.plist */ = {isa = PBXFileReference; lastKnownFileType = text.plist.xml; path = Info.plist; sourceTree = "<group>"; };
/* End PBXFileReference section */

/* Begin PBXFrameworksBuildPhase section */
		AAAB83E51F8C038E0032E4CC /* Frameworks */ = {
			isa = PBXFrameworksBuildPhase;
			buildActionMask = 2147483647;
			files = (
			);
			runOnlyForDeploymentPostprocessing = 0;
		};
/* End PBXFrameworksBuildPhase section */

/* Begin PBXGroup section */
		AAAB83DF1F8C038E0032E4CC = {
			isa = PBXGroup;
			children = (
				AAAB83EA1F8C038E0032E4CC /* basicHEIC */,
				AAAB83E91F8C038E0032E4CC /* Products */,
			);
			sourceTree = "<group>";
		};
		AAAB83E91F8C038E0032E4CC /* Products */ = {
			isa = PBXGroup;
			children = (
				AAAB83E81F8C038E0032E4CC /* basicHEIC.app */,
			);
			name = Products;
			sourceTree = "<group>";
		};
		AAAB83EA1F8C038E0032E4CC /* basicHEIC */ = {
			isa = PBXGroup;
			children = (
				AAAB83EB1F8C038E0032E4CC /* AppDelegate.swift */,
				AAAB83ED1F8C038E0032E4CC /* ViewController.swift */,
				AAAB83EF1F8C038E0032E4CC /* Main.storyboard */,
				AAAB83F21F8C038E0032E4CC /* Assets.xcassets */,
				AAAB83F41F8C038E0032E4CC /* LaunchScreen.storyboard */,
				AAAB83F71F8C038E0032E4CC /* Info.plist */,
			);
			path = basicHEIC;
			sourceTree = "<group>";
		};
/* End PBXGroup section */

/* Begin PBXNativeTarget section */
		AAAB83E71F8C038E0032E4CC /* basicHEIC */ = {
			isa = PBXNativeTarget;
			buildConfigurationList = AAAB83FA1F8C038E0032E4CC /* Build configuration list for PBXNativeTarget "basicHEIC" */;
			buildPhases = (
				AAAB83E41F8C038E0032E4CC /* Sources */,
				AAAB83E51F8C038E0032E4CC /* Frameworks */,
				AAAB83E61F8C038E0032E4CC /* Resources */,
			);
			buildRules = (
			);
			dependencies = (
			);
			name = basicHEIC;
			productName = basicHEIC;
			productReference = AAAB83E81F8C038E0032E4CC /* basicHEIC.app */;
			productType = "com.apple.product-type.application";
		};
/* End PBXNativeTarget section */

/* Begin PBXProject section */
		AAAB83E01F8C038E0032E4CC /* Project object */ = {
			isa = PBXProject;
			attributes = {
				LastSwiftUpdateCheck = 0900;
				LastUpgradeCheck = 0900;
				ORGANIZATIONNAME = "winandmac Media";
				TargetAttributes = {
					AAAB83E71F8C038E0032E4CC = {
						CreatedOnToolsVersion = 9.0;
						ProvisioningStyle = Automatic;
					};
				};
			};
			buildConfigurationList = AAAB83E31F8C038E0032E4CC /* Build configuration list for PBXProject "basicHEIC" */;
			compatibilityVersion = "Xcode 8.0";
			developmentRegion = en;
			hasScannedForEncodings = 0;
			knownRegions = (
				en,
				Base,
			);
			mainGroup = AAAB83DF1F8C038E0032E4CC;
			productRefGroup = AAAB83E91F8C038E0032E4CC /* Products */;
			projectDirPath = "";
			projectRoot = "";
			targets = (
				AAAB83E71F8C038E0032E4CC /* basicHEIC */,
			);
		};
/* End PBXProject section */

/* Begin PBXResourcesBuildPhase section */
		AAAB83E61F8C038E0032E4CC /* Resources */ = {
			isa = PBXResourcesBuildPhase;
			buildActionMask = 2147483647;
			files = (
				AAAB83F61F8C038E0032E4CC /* LaunchScreen.storyboard in Resources */,
				AAAB83F31F8C038E0032E4CC /* Assets.xcassets in Resources */,
				AAAB83F11F8C038E0032E4CC /* Main.storyboard in Resources */,
			);
			runOnlyForDeploymentPostprocessing = 0;
		};
/* End PBXResourcesBuildPhase section */

/* Begin PBXSourcesBuildPhase section */
		AAAB83E41F8C038E0032E4CC /* Sources */ = {
			isa = PBXSourcesBuildPhase;
			buildActionMask = 2147483647;
			files = (
				AAAB83EE1F8C038E0032E4CC /* ViewController.swift in Sources */,
				AAAB83EC1F8C038E0032E4CC /* AppDelegate.swift in Sources */,
			);
			runOnlyForDeploymentPostprocessing = 0;
		};
/* End PBXSourcesBuildPhase section */

/* Begin PBXVariantGroup section */
		AAAB83EF1F8C038E0032E4CC /* Main.storyboard */ = {
			isa = PBXVariantGroup;
			children = (
				AAAB83F01F8C038E0032E4CC /* Base */,
			);
			name = Main.storyboard;
			sourceTree = "<group>";
		};
		AAAB83F41F8C038E0032E4CC /* LaunchScreen.storyboard */ = {
			isa = PBXVariantGroup;
			children = (
				AAAB83F51F8C038E0032E4CC /* Base */,
			);
			name = LaunchScreen.storyboard;
			sourceTree = "<group>";
		};
/* End PBXVariantGroup section */

/* Begin XCBuildConfiguration section */
		AAAB83F81F8C038E0032E4CC /* Debug */ = {
			isa = XCBuildConfiguration;
			buildSettings = {
				ALWAYS_SEARCH_USER_PATHS = NO;
				CLANG_ANALYZER_NONNULL = YES;
				CLANG_ANALYZER_NUMBER_OBJECT_CONVERSION = YES_AGGRESSIVE;
				CLANG_CXX_LANGUAGE_STANDARD = "gnu++14";
				CLANG_CXX_LIBRARY = "libc++";
				CLANG_ENABLE_MODULES = YES;
				CLANG_ENABLE_OBJC_ARC = YES;
				CLANG_WARN_BLOCK_CAPTURE_AUTORELEASING = YES;
				CLANG_WARN_BOOL_CONVERSION = YES;
				CLANG_WARN_COMMA = YES;
				CLANG_WARN_CONSTANT_CONVERSION = YES;
				CLANG_WARN_DIRECT_OBJC_ISA_USAGE = YES_ERROR;
				CLANG_WARN_DOCUMENTATION_COMMENTS = YES;
				CLANG_WARN_EMPTY_BODY = YES;
				CLANG_WARN_ENUM_CONVERSION = YES;
				CLANG_WARN_INFINITE_RECURSION = YES;
				CLANG_WARN_INT_CONVERSION = YES;
				CLANG_WARN_NON_LITERAL_NULL_CONVERSION = YES;
				CLANG_WARN_OBJC_LITERAL_CONVERSION = YES;
				CLANG_WARN_OBJC_ROOT_CLASS = YES_ERROR;
				CLANG_WARN_RANGE_LOOP_ANALYSIS = YES;
				CLANG_WARN_STRICT_PROTOTYPES = YES;
				CLANG_WARN_SUSPICIOUS_MOVE = YES;
				CLANG_WARN_UNGUARDED_AVAILABILITY = YES_AGGRESSIVE;
				CLANG_WARN_UNREACHABLE_CODE = YES;
				CLANG_WARN__DUPLICATE_METHOD_MATCH = YES;
				CODE_SIGN_IDENTITY = "iPhone Developer";
				COPY_PHASE_STRIP = NO;
				DEBUG_INFORMATION_FORMAT = dwarf;
				ENABLE_STRICT_OBJC_MSGSEND = YES;
				ENABLE_TESTABILITY = YES;
				GCC_C_LANGUAGE_STANDARD = gnu11;
				GCC_DYNAMIC_NO_PIC = NO;
				GCC_NO_COMMON_BLOCKS = YES;
				GCC_OPTIMIZATION_LEVEL = 0;
				GCC_PREPROCESSOR_DEFINITIONS = (
					"DEBUG=1",
					"$(inherited)",
				);
				GCC_WARN_64_TO_32_BIT_CONVERSION = YES;
				GCC_WARN_ABOUT_RETURN_TYPE = YES_ERROR;
				GCC_WARN_UNDECLARED_SELECTOR = YES;
				GCC_WARN_UNINITIALIZED_AUTOS = YES_AGGRESSIVE;
				GCC_WARN_UNUSED_FUNCTION = YES;
				GCC_WARN_UNUSED_VARIABLE = YES;
				IPHONEOS_DEPLOYMENT_TARGET = 11.0;
				MTL_ENABLE_DEBUG_INFO = YES;
				ONLY_ACTIVE_ARCH = YES;
				SDKROOT = iphoneos;
				SWIFT_ACTIVE_COMPILATION_CONDITIONS = DEBUG;
				SWIFT_OPTIMIZATION_LEVEL = "-Onone";
			};
			name = Debug;
		};
		AAAB83F91F8C038E0032E4CC /* Release */ = {
			isa = XCBuildConfiguration;
			buildSettings = {
				ALWAYS_SEARCH_USER_PATHS = NO;
				CLANG_ANALYZER_NONNULL = YES;
				CLANG_ANALYZER_NUMBER_OBJECT_CONVERSION = YES_AGGRESSIVE;
				CLANG_CXX_LANGUAGE_STANDARD = "gnu++14";
				CLANG_CXX_LIBRARY = "libc++";
				CLANG_ENABLE_MODULES = YES;
				CLANG_ENABLE_OBJC_ARC = YES;
				CLANG_WARN_BLOCK_CAPTURE_AUTORELEASING = YES;
				CLANG_WARN_BOOL_CONVERSION = YES;
				CLANG_WARN_COMMA = YES;
				CLANG_WARN_CONSTANT_CONVERSION = YES;
				CLANG_WARN_DIRECT_OBJC_ISA_USAGE = YES_ERROR;
				CLANG_WARN_DOCUMENTATION_COMMENTS = YES;
				CLANG_WARN_EMPTY_BODY = YES;
				CLANG_WARN_ENUM_CONVERSION = YES;
				CLANG_WARN_INFINITE_RECURSION = YES;
				CLANG_WARN_INT_CONVERSION = YES;
				CLANG_WARN_NON_LITERAL_NULL_CONVERSION = YES;
				CLANG_WARN_OBJC_LITERAL_CONVERSION = YES;
				CLANG_WARN_OBJC_ROOT_CLASS = YES_ERROR;
				CLANG_WARN_RANGE_LOOP_ANALYSIS = YES;
				CLANG_WARN_STRICT_PROTOTYPES = YES;
				CLANG_WARN_SUSPICIOUS_MOVE = YES;
				CLANG_WARN_UNGUARDED_AVAILABILITY = YES_AGGRESSIVE;
				CLANG_WARN_UNREACHABLE_CODE = YES;
				CLANG_WARN__DUPLICATE_METHOD_MATCH = YES;
				CODE_SIGN_IDENTITY = "iPhone Developer";
				COPY_PHASE_STRIP = NO;
				DEBUG_INFORMATION_FORMAT = "dwarf-with-dsym";
				ENABLE_NS_ASSERTIONS = NO;
				ENABLE_STRICT_OBJC_MSGSEND = YES;
				GCC_C_LANGUAGE_STANDARD = gnu11;
				GCC_NO_COMMON_BLOCKS = YES;
				GCC_WARN_64_TO_32_BIT_CONVERSION = YES;
				GCC_WARN_ABOUT_RETURN_TYPE = YES_ERROR;
				GCC_WARN_UNDECLARED_SELECTOR = YES;
				GCC_WARN_UNINITIALIZED_AUTOS = YES_AGGRESSIVE;
				GCC_WARN_UNUSED_FUNCTION = YES;
				GCC_WARN_UNUSED_VARIABLE = YES;
				IPHONEOS_DEPLOYMENT_TARGET = 11.0;
				MTL_ENABLE_DEBUG_INFO = NO;
				SDKROOT = iphoneos;
				SWIFT_OPTIMIZATION_LEVEL = "-Owholemodule";
				VALIDATE_PRODUCT = YES;
			};
			name = Release;
		};
		AAAB83FB1F8C038E0032E4CC /* Debug */ = {
			isa = XCBuildConfiguration;
			buildSettings = {
				ASSETCATALOG_COMPILER_APPICON_NAME = AppIcon;
				CODE_SIGN_STYLE = Automatic;
				DEVELOPMENT_TEAM = 2S6B5447W9;
				INFOPLIST_FILE = basicHEIC/Info.plist;
				LD_RUNPATH_SEARCH_PATHS = "$(inherited) @executable_path/Frameworks";
				PRODUCT_BUNDLE_IDENTIFIER = com.winandmac.basicHEIC;
				PRODUCT_NAME = "$(TARGET_NAME)";
				SWIFT_VERSION = 4.0;
				TARGETED_DEVICE_FAMILY = "1,2";
			};
			name = Debug;
		};
		AAAB83FC1F8C038E0032E4CC /* Release */ = {
			isa = XCBuildConfiguration;
			buildSettings = {
				ASSETCATALOG_COMPILER_APPICON_NAME = AppIcon;
				CODE_SIGN_STYLE = Automatic;
				DEVELOPMENT_TEAM = 2S6B5447W9;
				INFOPLIST_FILE = basicHEIC/Info.plist;
				LD_RUNPATH_SEARCH_PATHS = "$(inherited) @executable_path/Frameworks";
				PRODUCT_BUNDLE_IDENTIFIER = com.winandmac.basicHEIC;
				PRODUCT_NAME = "$(TARGET_NAME)";
				SWIFT_VERSION = 4.0;
				TARGETED_DEVICE_FAMILY = "1,2";
			};
			name = Release;
		};
/* End XCBuildConfiguration section */

/* Begin XCConfigurationList section */
		AAAB83E31F8C038E0032E4CC /* Build configuration list for PBXProject "basicHEIC" */ = {
			isa = XCConfigurationList;
			buildConfigurations = (
				AAAB83F81F8C038E0032E4CC /* Debug */,
				AAAB83F91F8C038E0032E4CC /* Release */,
			);
			defaultConfigurationIsVisible = 0;
			defaultConfigurationName = Release;
		};
		AAAB83FA1F8C038E0032E4CC /* Build configuration list for PBXNativeTarget "basicHEIC" */ = {
			isa = XCConfigurationList;
			buildConfigurations = (
				AAAB83FB1F8C038E0032E4CC /* Debug */,
				AAAB83FC1F8C038E0032E4CC /* Release */,
			);
			defaultConfigurationIsVisible = 0;
			defaultConfigurationName = Release;
		};
/* End XCConfigurationList section */
	};
	rootObject = AAAB83E01F8C038E0032E4CC /* Project object */;
}
